
Microsoft Visual Studio Solution File, Format Version 12.00
# Visual Studio Version 16
VisualStudioVersion = 16.0.29911.84
MinimumVisualStudioVersion = 10.0.40219.1
Project("{FAE04EC0-301F-11D3-BF4B-00C04F79EFBC}") = "Harjotus13", "Harjotus13\Harjotus13.csproj", "{3C735D82-A714-4409-843D-A1728388BAB5}"
EndProject
Global
	GlobalSection(SolutionConfigurationPlatforms) = preSolution
		Debug|Any CPU = Debug|Any CPU
		Release|Any CPU = Release|Any CPU
	EndGlobalSection
	GlobalSection(ProjectConfigurationPlatforms) = postSolution
		{3C735D82-A714-4409-843D-A1728388BAB5}.Debug|Any CPU.ActiveCfg = Debug|Any CPU
		{3C735D82-A714-4409-843D-A1728388BAB5}.Debug|Any CPU.Build.0 = Debug|Any CPU
		{3C735D82-A714-4409-843D-A1728388BAB5}.Release|Any CPU.ActiveCfg = Release|Any CPU
		{3C735D82-A714-4409-843D-A1728388BAB5}.Release|Any CPU.Build.0 = Release|Any CPU
	EndGlobalSection
	GlobalSection(SolutionProperties) = preSolution
		HideSolutionNode = FALSE
	EndGlobalSection
	GlobalSection(ExtensibilityGlobals) = postSolution
		SolutionGuid = {6094F4E7-241E-4003-A534-48091A202377}
	EndGlobalSection
EndGlobal
