
Microsoft Visual Studio Solution File, Format Version 12.00
# Visual Studio Version 16
VisualStudioVersion = 16.0.31624.102
MinimumVisualStudioVersion = 10.0.40219.1
Project("{FAE04EC0-301F-11D3-BF4B-00C04F79EFBC}") = "Harjoitus10", "Harjoitus10\Harjoitus10.csproj", "{19B38C8F-60C7-40B3-A48D-FC24FF15C82E}"
EndProject
Global
	GlobalSection(SolutionConfigurationPlatforms) = preSolution
		Debug|Any CPU = Debug|Any CPU
		Release|Any CPU = Release|Any CPU
	EndGlobalSection
	GlobalSection(ProjectConfigurationPlatforms) = postSolution
		{19B38C8F-60C7-40B3-A48D-FC24FF15C82E}.Debug|Any CPU.ActiveCfg = Debug|Any CPU
		{19B38C8F-60C7-40B3-A48D-FC24FF15C82E}.Debug|Any CPU.Build.0 = Debug|Any CPU
		{19B38C8F-60C7-40B3-A48D-FC24FF15C82E}.Release|Any CPU.ActiveCfg = Release|Any CPU
		{19B38C8F-60C7-40B3-A48D-FC24FF15C82E}.Release|Any CPU.Build.0 = Release|Any CPU
	EndGlobalSection
	GlobalSection(SolutionProperties) = preSolution
		HideSolutionNode = FALSE
	EndGlobalSection
	GlobalSection(ExtensibilityGlobals) = postSolution
		SolutionGuid = {FE4DF55C-3FC8-435B-9516-C1DA004B6E5D}
	EndGlobalSection
EndGlobal
