
Microsoft Visual Studio Solution File, Format Version 12.00
# Visual Studio Version 16
VisualStudioVersion = 16.0.31624.102
MinimumVisualStudioVersion = 10.0.40219.1
Project("{FAE04EC0-301F-11D3-BF4B-00C04F79EFBC}") = "Harjotus16", "Harjotus16\Harjotus16.csproj", "{7670C835-8E71-4CFF-B9EE-310588328691}"
EndProject
Global
	GlobalSection(SolutionConfigurationPlatforms) = preSolution
		Debug|Any CPU = Debug|Any CPU
		Release|Any CPU = Release|Any CPU
	EndGlobalSection
	GlobalSection(ProjectConfigurationPlatforms) = postSolution
		{7670C835-8E71-4CFF-B9EE-310588328691}.Debug|Any CPU.ActiveCfg = Debug|Any CPU
		{7670C835-8E71-4CFF-B9EE-310588328691}.Debug|Any CPU.Build.0 = Debug|Any CPU
		{7670C835-8E71-4CFF-B9EE-310588328691}.Release|Any CPU.ActiveCfg = Release|Any CPU
		{7670C835-8E71-4CFF-B9EE-310588328691}.Release|Any CPU.Build.0 = Release|Any CPU
	EndGlobalSection
	GlobalSection(SolutionProperties) = preSolution
		HideSolutionNode = FALSE
	EndGlobalSection
	GlobalSection(ExtensibilityGlobals) = postSolution
		SolutionGuid = {8E181DC0-7F1A-4121-949E-E2A2D1288AE6}
	EndGlobalSection
EndGlobal
